
Microsoft Visual Studio Solution File, Format Version 12.00
# Visual Studio Version 17
VisualStudioVersion = 17.0.32112.339
MinimumVisualStudioVersion = 10.0.40219.1
Project("{FAE04EC0-301F-11D3-BF4B-00C04F79EFBC}") = "ComparaPrecios.Android", "ComparaPrecios.Android\ComparaPrecios.Android.csproj", "{1C6C96DE-84E9-4228-A729-6839688E87F0}"
EndProject
Project("{FAE04EC0-301F-11D3-BF4B-00C04F79EFBC}") = "ComparaPrecios.iOS", "ComparaPrecios.iOS\ComparaPrecios.iOS.csproj", "{889C31F7-BC5D-4639-BB35-12ADBCA7BE9B}"
EndProject
Project("{9A19103F-16F7-4668-BE54-9A1E7A4F7556}") = "ComparaPrecios", "ComparaPrecios\ComparaPrecios.csproj", "{B7F13105-545A-461B-934E-A0210E524B3E}"
EndProject
Global
	GlobalSection(SolutionConfigurationPlatforms) = preSolution
		Debug|Any CPU = Debug|Any CPU
		Debug|iPhone = Debug|iPhone
		Debug|iPhoneSimulator = Debug|iPhoneSimulator
		Release|Any CPU = Release|Any CPU
		Release|iPhone = Release|iPhone
		Release|iPhoneSimulator = Release|iPhoneSimulator
	EndGlobalSection
	GlobalSection(ProjectConfigurationPlatforms) = postSolution
		{1C6C96DE-84E9-4228-A729-6839688E87F0}.Debug|Any CPU.ActiveCfg = Debug|Any CPU
		{1C6C96DE-84E9-4228-A729-6839688E87F0}.Debug|Any CPU.Build.0 = Debug|Any CPU
		{1C6C96DE-84E9-4228-A729-6839688E87F0}.Debug|Any CPU.Deploy.0 = Debug|Any CPU
		{1C6C96DE-84E9-4228-A729-6839688E87F0}.Debug|iPhone.ActiveCfg = Debug|Any CPU
		{1C6C96DE-84E9-4228-A729-6839688E87F0}.Debug|iPhone.Build.0 = Debug|Any CPU
		{1C6C96DE-84E9-4228-A729-6839688E87F0}.Debug|iPhone.Deploy.0 = Debug|Any CPU
		{1C6C96DE-84E9-4228-A729-6839688E87F0}.Debug|iPhoneSimulator.ActiveCfg = Debug|Any CPU
		{1C6C96DE-84E9-4228-A729-6839688E87F0}.Debug|iPhoneSimulator.Build.0 = Debug|Any CPU
		{1C6C96DE-84E9-4228-A729-6839688E87F0}.Debug|iPhoneSimulator.Deploy.0 = Debug|Any CPU
		{1C6C96DE-84E9-4228-A729-6839688E87F0}.Release|Any CPU.ActiveCfg = Release|Any CPU
		{1C6C96DE-84E9-4228-A729-6839688E87F0}.Release|Any CPU.Build.0 = Release|Any CPU
		{1C6C96DE-84E9-4228-A729-6839688E87F0}.Release|Any CPU.Deploy.0 = Release|Any CPU
		{1C6C96DE-84E9-4228-A729-6839688E87F0}.Release|iPhone.ActiveCfg = Release|Any CPU
		{1C6C96DE-84E9-4228-A729-6839688E87F0}.Release|iPhone.Build.0 = Release|Any CPU
		{1C6C96DE-84E9-4228-A729-6839688E87F0}.Release|iPhone.Deploy.0 = Release|Any CPU
		{1C6C96DE-84E9-4228-A729-6839688E87F0}.Release|iPhoneSimulator.ActiveCfg = Release|Any CPU
		{1C6C96DE-84E9-4228-A729-6839688E87F0}.Release|iPhoneSimulator.Build.0 = Release|Any CPU
		{1C6C96DE-84E9-4228-A729-6839688E87F0}.Release|iPhoneSimulator.Deploy.0 = Release|Any CPU
		{889C31F7-BC5D-4639-BB35-12ADBCA7BE9B}.Debug|Any CPU.ActiveCfg = Debug|iPhone
		{889C31F7-BC5D-4639-BB35-12ADBCA7BE9B}.Debug|Any CPU.Build.0 = Debug|iPhone
		{889C31F7-BC5D-4639-BB35-12ADBCA7BE9B}.Debug|Any CPU.Deploy.0 = Debug|iPhone
		{889C31F7-BC5D-4639-BB35-12ADBCA7BE9B}.Debug|iPhone.ActiveCfg = Debug|iPhone
		{889C31F7-BC5D-4639-BB35-12ADBCA7BE9B}.Debug|iPhone.Build.0 = Debug|iPhone
		{889C31F7-BC5D-4639-BB35-12ADBCA7BE9B}.Debug|iPhone.Deploy.0 = Debug|iPhone
		{889C31F7-BC5D-4639-BB35-12ADBCA7BE9B}.Debug|iPhoneSimulator.ActiveCfg = Debug|iPhoneSimulator
		{889C31F7-BC5D-4639-BB35-12ADBCA7BE9B}.Debug|iPhoneSimulator.Build.0 = Debug|iPhoneSimulator
		{889C31F7-BC5D-4639-BB35-12ADBCA7BE9B}.Debug|iPhoneSimulator.Deploy.0 = Debug|iPhoneSimulator
		{889C31F7-BC5D-4639-BB35-12ADBCA7BE9B}.Release|Any CPU.ActiveCfg = Release|iPhoneSimulator
		{889C31F7-BC5D-4639-BB35-12ADBCA7BE9B}.Release|Any CPU.Build.0 = Release|iPhoneSimulator
		{889C31F7-BC5D-4639-BB35-12ADBCA7BE9B}.Release|Any CPU.Deploy.0 = Release|iPhoneSimulator
		{889C31F7-BC5D-4639-BB35-12ADBCA7BE9B}.Release|iPhone.ActiveCfg = Release|iPhone
		{889C31F7-BC5D-4639-BB35-12ADBCA7BE9B}.Release|iPhone.Build.0 = Release|iPhone
		{889C31F7-BC5D-4639-BB35-12ADBCA7BE9B}.Release|iPhone.Deploy.0 = Release|iPhone
		{889C31F7-BC5D-4639-BB35-12ADBCA7BE9B}.Release|iPhoneSimulator.ActiveCfg = Release|iPhoneSimulator
		{889C31F7-BC5D-4639-BB35-12ADBCA7BE9B}.Release|iPhoneSimulator.Build.0 = Release|iPhoneSimulator
		{889C31F7-BC5D-4639-BB35-12ADBCA7BE9B}.Release|iPhoneSimulator.Deploy.0 = Release|iPhoneSimulator
		{B7F13105-545A-461B-934E-A0210E524B3E}.Debug|Any CPU.ActiveCfg = Debug|Any CPU
		{B7F13105-545A-461B-934E-A0210E524B3E}.Debug|Any CPU.Build.0 = Debug|Any CPU
		{B7F13105-545A-461B-934E-A0210E524B3E}.Debug|Any CPU.Deploy.0 = Debug|Any CPU
		{B7F13105-545A-461B-934E-A0210E524B3E}.Debug|iPhone.ActiveCfg = Debug|Any CPU
		{B7F13105-545A-461B-934E-A0210E524B3E}.Debug|iPhone.Build.0 = Debug|Any CPU
		{B7F13105-545A-461B-934E-A0210E524B3E}.Debug|iPhone.Deploy.0 = Debug|Any CPU
		{B7F13105-545A-461B-934E-A0210E524B3E}.Debug|iPhoneSimulator.ActiveCfg = Debug|Any CPU
		{B7F13105-545A-461B-934E-A0210E524B3E}.Debug|iPhoneSimulator.Build.0 = Debug|Any CPU
		{B7F13105-545A-461B-934E-A0210E524B3E}.Debug|iPhoneSimulator.Deploy.0 = Debug|Any CPU
		{B7F13105-545A-461B-934E-A0210E524B3E}.Release|Any CPU.ActiveCfg = Release|Any CPU
		{B7F13105-545A-461B-934E-A0210E524B3E}.Release|Any CPU.Build.0 = Release|Any CPU
		{B7F13105-545A-461B-934E-A0210E524B3E}.Release|Any CPU.Deploy.0 = Release|Any CPU
		{B7F13105-545A-461B-934E-A0210E524B3E}.Release|iPhone.ActiveCfg = Release|Any CPU
		{B7F13105-545A-461B-934E-A0210E524B3E}.Release|iPhone.Build.0 = Release|Any CPU
		{B7F13105-545A-461B-934E-A0210E524B3E}.Release|iPhone.Deploy.0 = Release|Any CPU
		{B7F13105-545A-461B-934E-A0210E524B3E}.Release|iPhoneSimulator.ActiveCfg = Release|Any CPU
		{B7F13105-545A-461B-934E-A0210E524B3E}.Release|iPhoneSimulator.Build.0 = Release|Any CPU
		{B7F13105-545A-461B-934E-A0210E524B3E}.Release|iPhoneSimulator.Deploy.0 = Release|Any CPU
	EndGlobalSection
	GlobalSection(SolutionProperties) = preSolution
		HideSolutionNode = FALSE
	EndGlobalSection
	GlobalSection(ExtensibilityGlobals) = postSolution
		SolutionGuid = {D1F256DB-044D-47EF-AE7C-5AA876539000}
	EndGlobalSection
EndGlobal
